
Microsoft Visual Studio Solution File, Format Version 12.00
# Visual Studio Version 17
VisualStudioVersion = 17.14.36623.8 d17.14
MinimumVisualStudioVersion = 10.0.40219.1
Project("{2150E333-8FDC-42A3-9474-1A3956D46DE8}") = "src", "src", "{02EA681E-C7D8-13C7-8484-4AC65E1B71E8}"
EndProject
Project("{2150E333-8FDC-42A3-9474-1A3956D46DE8}") = "tests", "tests", "{16FB6F90-0A22-4E98-82E6-4383634D99C5}"
EndProject
Project("{FAE04EC0-301F-11D3-BF4B-00C04F79EFBC}") = "CA.CQRS.API", "CA.CQRS.API\CA.CQRS.API.csproj", "{F7DC5056-8B9A-4268-9D02-6F13150255B2}"
EndProject
Project("{FAE04EC0-301F-11D3-BF4B-00C04F79EFBC}") = "CA.CQRS.APPLICATION", "CA.CQRS.APPLICATION\CA.CQRS.APPLICATION.csproj", "{12E5EBFC-62D2-40D8-A0C0-6F1B13C0C6BF}"
EndProject
Project("{FAE04EC0-301F-11D3-BF4B-00C04F79EFBC}") = "CA.CQRS.DOMAIN", "CA.CQRS.DOMAIN\CA.CQRS.DOMAIN.csproj", "{F373A3DF-548B-45A9-82AC-C78F5ADF4594}"
EndProject
Project("{FAE04EC0-301F-11D3-BF4B-00C04F79EFBC}") = "CA.CQRS.INFRASTRUCTURE", "CA.CQRS.INFRASTRUCTURE\CA.CQRS.INFRASTRUCTURE.csproj", "{10452D49-E7AB-42B1-A437-81A38631572A}"
EndProject
Project("{FAE04EC0-301F-11D3-BF4B-00C04F79EFBC}") = "CA.CQRS.CONTRACTS", "CA.CQRS.CONTRACTS\CA.CQRS.CONTRACTS.csproj", "{E70AF6ED-81AF-4863-B76B-6FA0144C6A60}"
EndProject
Project("{FAE04EC0-301F-11D3-BF4B-00C04F79EFBC}") = "CA.CQRS.SHARED", "CA.CQRS.SHARED\CA.CQRS.SHARED.csproj", "{C85B62C4-11C3-49AF-9845-8276FD5047E6}"
EndProject
Global
	GlobalSection(SolutionConfigurationPlatforms) = preSolution
		Debug|Any CPU = Debug|Any CPU
		Release|Any CPU = Release|Any CPU
	EndGlobalSection
	GlobalSection(ProjectConfigurationPlatforms) = postSolution
		{F7DC5056-8B9A-4268-9D02-6F13150255B2}.Debug|Any CPU.ActiveCfg = Debug|Any CPU
		{F7DC5056-8B9A-4268-9D02-6F13150255B2}.Debug|Any CPU.Build.0 = Debug|Any CPU
		{F7DC5056-8B9A-4268-9D02-6F13150255B2}.Release|Any CPU.ActiveCfg = Release|Any CPU
		{F7DC5056-8B9A-4268-9D02-6F13150255B2}.Release|Any CPU.Build.0 = Release|Any CPU
		{12E5EBFC-62D2-40D8-A0C0-6F1B13C0C6BF}.Debug|Any CPU.ActiveCfg = Debug|Any CPU
		{12E5EBFC-62D2-40D8-A0C0-6F1B13C0C6BF}.Debug|Any CPU.Build.0 = Debug|Any CPU
		{12E5EBFC-62D2-40D8-A0C0-6F1B13C0C6BF}.Release|Any CPU.ActiveCfg = Release|Any CPU
		{12E5EBFC-62D2-40D8-A0C0-6F1B13C0C6BF}.Release|Any CPU.Build.0 = Release|Any CPU
		{F373A3DF-548B-45A9-82AC-C78F5ADF4594}.Debug|Any CPU.ActiveCfg = Debug|Any CPU
		{F373A3DF-548B-45A9-82AC-C78F5ADF4594}.Debug|Any CPU.Build.0 = Debug|Any CPU
		{F373A3DF-548B-45A9-82AC-C78F5ADF4594}.Release|Any CPU.ActiveCfg = Release|Any CPU
		{F373A3DF-548B-45A9-82AC-C78F5ADF4594}.Release|Any CPU.Build.0 = Release|Any CPU
		{10452D49-E7AB-42B1-A437-81A38631572A}.Debug|Any CPU.ActiveCfg = Debug|Any CPU
		{10452D49-E7AB-42B1-A437-81A38631572A}.Debug|Any CPU.Build.0 = Debug|Any CPU
		{10452D49-E7AB-42B1-A437-81A38631572A}.Release|Any CPU.ActiveCfg = Release|Any CPU
		{10452D49-E7AB-42B1-A437-81A38631572A}.Release|Any CPU.Build.0 = Release|Any CPU
		{E70AF6ED-81AF-4863-B76B-6FA0144C6A60}.Debug|Any CPU.ActiveCfg = Debug|Any CPU
		{E70AF6ED-81AF-4863-B76B-6FA0144C6A60}.Debug|Any CPU.Build.0 = Debug|Any CPU
		{E70AF6ED-81AF-4863-B76B-6FA0144C6A60}.Release|Any CPU.ActiveCfg = Release|Any CPU
		{E70AF6ED-81AF-4863-B76B-6FA0144C6A60}.Release|Any CPU.Build.0 = Release|Any CPU
		{C85B62C4-11C3-49AF-9845-8276FD5047E6}.Debug|Any CPU.ActiveCfg = Debug|Any CPU
		{C85B62C4-11C3-49AF-9845-8276FD5047E6}.Debug|Any CPU.Build.0 = Debug|Any CPU
		{C85B62C4-11C3-49AF-9845-8276FD5047E6}.Release|Any CPU.ActiveCfg = Release|Any CPU
		{C85B62C4-11C3-49AF-9845-8276FD5047E6}.Release|Any CPU.Build.0 = Release|Any CPU
	EndGlobalSection
	GlobalSection(SolutionProperties) = preSolution
		HideSolutionNode = FALSE
	EndGlobalSection
	GlobalSection(NestedProjects) = preSolution
		{F7DC5056-8B9A-4268-9D02-6F13150255B2} = {02EA681E-C7D8-13C7-8484-4AC65E1B71E8}
		{12E5EBFC-62D2-40D8-A0C0-6F1B13C0C6BF} = {02EA681E-C7D8-13C7-8484-4AC65E1B71E8}
		{F373A3DF-548B-45A9-82AC-C78F5ADF4594} = {02EA681E-C7D8-13C7-8484-4AC65E1B71E8}
		{10452D49-E7AB-42B1-A437-81A38631572A} = {02EA681E-C7D8-13C7-8484-4AC65E1B71E8}
		{E70AF6ED-81AF-4863-B76B-6FA0144C6A60} = {02EA681E-C7D8-13C7-8484-4AC65E1B71E8}
		{C85B62C4-11C3-49AF-9845-8276FD5047E6} = {02EA681E-C7D8-13C7-8484-4AC65E1B71E8}
	EndGlobalSection
	GlobalSection(ExtensibilityGlobals) = postSolution
		SolutionGuid = {162C7191-8A49-45CE-B161-90D70CB184A9}
	EndGlobalSection
EndGlobal
